// !$*UTF8*$!
{
	archiveVersion = 1;
	classes = {
	};
	objectVersion = 50;
	objects = {

/* Begin PBXBuildFile section */
		F494CC902493D237004FF3E7 /* SettingsTableViewController.swift in Sources */ = {isa = PBXBuildFile; fileRef = F494CC8F2493D237004FF3E7 /* SettingsTableViewController.swift */; };
		F494CC92249516EC004FF3E7 /* UITextField+Extensions.swift in Sources */ = {isa = PBXBuildFile; fileRef = F494CC91249516EC004FF3E7 /* UITextField+Extensions.swift */; };
		F4DEEA2C24926C7E002F5A2A /* AppDelegate.swift in Sources */ = {isa = PBXBuildFile; fileRef = F4DEEA2B24926C7E002F5A2A /* AppDelegate.swift */; };
		F4DEEA2E24926C7E002F5A2A /* SceneDelegate.swift in Sources */ = {isa = PBXBuildFile; fileRef = F4DEEA2D24926C7E002F5A2A /* SceneDelegate.swift */; };
		F4DEEA3324926C7E002F5A2A /* Main.storyboard in Resources */ = {isa = PBXBuildFile; fileRef = F4DEEA3124926C7E002F5A2A /* Main.storyboard */; };
		F4DEEA3524926C81002F5A2A /* Assets.xcassets in Resources */ = {isa = PBXBuildFile; fileRef = F4DEEA3424926C81002F5A2A /* Assets.xcassets */; };
		F4DEEA3824926C81002F5A2A /* LaunchScreen.storyboard in Resources */ = {isa = PBXBuildFile; fileRef = F4DEEA3624926C81002F5A2A /* LaunchScreen.storyboard */; };
		F4DEEA4324926C82002F5A2A /* TipCalculatorTests.swift in Sources */ = {isa = PBXBuildFile; fileRef = F4DEEA4224926C82002F5A2A /* TipCalculatorTests.swift */; };
		F4DEEA4E24926C82002F5A2A /* TipCalculatorUITests.swift in Sources */ = {isa = PBXBuildFile; fileRef = F4DEEA4D24926C82002F5A2A /* TipCalculatorUITests.swift */; };
		F4DEEA5E24936354002F5A2A /* TipTableViewController.swift in Sources */ = {isa = PBXBuildFile; fileRef = F4DEEA5D24936354002F5A2A /* TipTableViewController.swift */; };
/* End PBXBuildFile section */

/* Begin PBXContainerItemProxy section */
		F4DEEA3F24926C82002F5A2A /* PBXContainerItemProxy */ = {
			isa = PBXContainerItemProxy;
			containerPortal = F4DEEA2024926C7E002F5A2A /* Project object */;
			proxyType = 1;
			remoteGlobalIDString = F4DEEA2724926C7E002F5A2A;
			remoteInfo = TipCalculator;
		};
		F4DEEA4A24926C82002F5A2A /* PBXContainerItemProxy */ = {
			isa = PBXContainerItemProxy;
			containerPortal = F4DEEA2024926C7E002F5A2A /* Project object */;
			proxyType = 1;
			remoteGlobalIDString = F4DEEA2724926C7E002F5A2A;
			remoteInfo = TipCalculator;
		};
/* End PBXContainerItemProxy section */

/* Begin PBXFileReference section */
		F494CC8F2493D237004FF3E7 /* SettingsTableViewController.swift */ = {isa = PBXFileReference; lastKnownFileType = sourcecode.swift; path = SettingsTableViewController.swift; sourceTree = "<group>"; };
		F494CC91249516EC004FF3E7 /* UITextField+Extensions.swift */ = {isa = PBXFileReference; lastKnownFileType = sourcecode.swift; path = "UITextField+Extensions.swift"; sourceTree = "<group>"; };
		F4DEEA2824926C7E002F5A2A /* Tip It $ Split It.app */ = {isa = PBXFileReference; explicitFileType = wrapper.application; includeInIndex = 0; path = "Tip It $ Split It.app"; sourceTree = BUILT_PRODUCTS_DIR; };
		F4DEEA2B24926C7E002F5A2A /* AppDelegate.swift */ = {isa = PBXFileReference; lastKnownFileType = sourcecode.swift; path = AppDelegate.swift; sourceTree = "<group>"; };
		F4DEEA2D24926C7E002F5A2A /* SceneDelegate.swift */ = {isa = PBXFileReference; lastKnownFileType = sourcecode.swift; path = SceneDelegate.swift; sourceTree = "<group>"; };
		F4DEEA3224926C7E002F5A2A /* Base */ = {isa = PBXFileReference; lastKnownFileType = file.storyboard; name = Base; path = Base.lproj/Main.storyboard; sourceTree = "<group>"; };
		F4DEEA3424926C81002F5A2A /* Assets.xcassets */ = {isa = PBXFileReference; lastKnownFileType = folder.assetcatalog; path = Assets.xcassets; sourceTree = "<group>"; };
		F4DEEA3724926C81002F5A2A /* Base */ = {isa = PBXFileReference; lastKnownFileType = file.storyboard; name = Base; path = Base.lproj/LaunchScreen.storyboard; sourceTree = "<group>"; };
		F4DEEA3924926C81002F5A2A /* Info.plist */ = {isa = PBXFileReference; lastKnownFileType = text.plist.xml; path = Info.plist; sourceTree = "<group>"; };
		F4DEEA3E24926C82002F5A2A /* TipCalculatorTests.xctest */ = {isa = PBXFileReference; explicitFileType = wrapper.cfbundle; includeInIndex = 0; path = TipCalculatorTests.xctest; sourceTree = BUILT_PRODUCTS_DIR; };
		F4DEEA4224926C82002F5A2A /* TipCalculatorTests.swift */ = {isa = PBXFileReference; lastKnownFileType = sourcecode.swift; path = TipCalculatorTests.swift; sourceTree = "<group>"; };
		F4DEEA4424926C82002F5A2A /* Info.plist */ = {isa = PBXFileReference; lastKnownFileType = text.plist.xml; path = Info.plist; sourceTree = "<group>"; };
		F4DEEA4924926C82002F5A2A /* TipCalculatorUITests.xctest */ = {isa = PBXFileReference; explicitFileType = wrapper.cfbundle; includeInIndex = 0; path = TipCalculatorUITests.xctest; sourceTree = BUILT_PRODUCTS_DIR; };
		F4DEEA4D24926C82002F5A2A /* TipCalculatorUITests.swift */ = {isa = PBXFileReference; lastKnownFileType = sourcecode.swift; path = TipCalculatorUITests.swift; sourceTree = "<group>"; };
		F4DEEA4F24926C82002F5A2A /* Info.plist */ = {isa = PBXFileReference; lastKnownFileType = text.plist.xml; path = Info.plist; sourceTree = "<group>"; };
		F4DEEA5D24936354002F5A2A /* TipTableViewController.swift */ = {isa = PBXFileReference; lastKnownFileType = sourcecode.swift; path = TipTableViewController.swift; sourceTree = "<group>"; };
/* End PBXFileReference section */

/* Begin PBXFrameworksBuildPhase section */
		F4DEEA2524926C7E002F5A2A /* Frameworks */ = {
			isa = PBXFrameworksBuildPhase;
			buildActionMask = 2147483647;
			files = (
			);
			runOnlyForDeploymentPostprocessing = 0;
		};
		F4DEEA3B24926C82002F5A2A /* Frameworks */ = {
			isa = PBXFrameworksBuildPhase;
			buildActionMask = 2147483647;
			files = (
			);
			runOnlyForDeploymentPostprocessing = 0;
		};
		F4DEEA4624926C82002F5A2A /* Frameworks */ = {
			isa = PBXFrameworksBuildPhase;
			buildActionMask = 2147483647;
			files = (
			);
			runOnlyForDeploymentPostprocessing = 0;
		};
/* End PBXFrameworksBuildPhase section */

/* Begin PBXGroup section */
		F4DEEA1F24926C7E002F5A2A = {
			isa = PBXGroup;
			children = (
				F4DEEA2A24926C7E002F5A2A /* TipCalculator */,
				F4DEEA4124926C82002F5A2A /* TipCalculatorTests */,
				F4DEEA4C24926C82002F5A2A /* TipCalculatorUITests */,
				F4DEEA2924926C7E002F5A2A /* Products */,
			);
			sourceTree = "<group>";
		};
		F4DEEA2924926C7E002F5A2A /* Products */ = {
			isa = PBXGroup;
			children = (
				F4DEEA2824926C7E002F5A2A /* Tip It $ Split It.app */,
				F4DEEA3E24926C82002F5A2A /* TipCalculatorTests.xctest */,
				F4DEEA4924926C82002F5A2A /* TipCalculatorUITests.xctest */,
			);
			name = Products;
			sourceTree = "<group>";
		};
		F4DEEA2A24926C7E002F5A2A /* TipCalculator */ = {
			isa = PBXGroup;
			children = (
				F4DEEA2B24926C7E002F5A2A /* AppDelegate.swift */,
				F4DEEA2D24926C7E002F5A2A /* SceneDelegate.swift */,
				F4DEEA3124926C7E002F5A2A /* Main.storyboard */,
				F4DEEA5D24936354002F5A2A /* TipTableViewController.swift */,
				F494CC91249516EC004FF3E7 /* UITextField+Extensions.swift */,
				F494CC8F2493D237004FF3E7 /* SettingsTableViewController.swift */,
				F4DEEA3424926C81002F5A2A /* Assets.xcassets */,
				F4DEEA3624926C81002F5A2A /* LaunchScreen.storyboard */,
				F4DEEA3924926C81002F5A2A /* Info.plist */,
			);
			path = TipCalculator;
			sourceTree = "<group>";
		};
		F4DEEA4124926C82002F5A2A /* TipCalculatorTests */ = {
			isa = PBXGroup;
			children = (
				F4DEEA4224926C82002F5A2A /* TipCalculatorTests.swift */,
				F4DEEA4424926C82002F5A2A /* Info.plist */,
			);
			path = TipCalculatorTests;
			sourceTree = "<group>";
		};
		F4DEEA4C24926C82002F5A2A /* TipCalculatorUITests */ = {
			isa = PBXGroup;
			children = (
				F4DEEA4D24926C82002F5A2A /* TipCalculatorUITests.swift */,
				F4DEEA4F24926C82002F5A2A /* Info.plist */,
			);
			path = TipCalculatorUITests;
			sourceTree = "<group>";
		};
/* End PBXGroup section */

/* Begin PBXNativeTarget section */
		F4DEEA2724926C7E002F5A2A /* TipCalculator */ = {
			isa = PBXNativeTarget;
			buildConfigurationList = F4DEEA5224926C82002F5A2A /* Build configuration list for PBXNativeTarget "TipCalculator" */;
			buildPhases = (
				F4DEEA2424926C7E002F5A2A /* Sources */,
				F4DEEA2524926C7E002F5A2A /* Frameworks */,
				F4DEEA2624926C7E002F5A2A /* Resources */,
			);
			buildRules = (
			);
			dependencies = (
			);
			name = TipCalculator;
			productName = TipCalculator;
			productReference = F4DEEA2824926C7E002F5A2A /* Tip It $ Split It.app */;
			productType = "com.apple.product-type.application";
		};
		F4DEEA3D24926C82002F5A2A /* TipCalculatorTests */ = {
			isa = PBXNativeTarget;
			buildConfigurationList = F4DEEA5524926C82002F5A2A /* Build configuration list for PBXNativeTarget "TipCalculatorTests" */;
			buildPhases = (
				F4DEEA3A24926C82002F5A2A /* Sources */,
				F4DEEA3B24926C82002F5A2A /* Frameworks */,
				F4DEEA3C24926C82002F5A2A /* Resources */,
			);
			buildRules = (
			);
			dependencies = (
				F4DEEA4024926C82002F5A2A /* PBXTargetDependency */,
			);
			name = TipCalculatorTests;
			productName = TipCalculatorTests;
			productReference = F4DEEA3E24926C82002F5A2A /* TipCalculatorTests.xctest */;
			productType = "com.apple.product-type.bundle.unit-test";
		};
		F4DEEA4824926C82002F5A2A /* TipCalculatorUITests */ = {
			isa = PBXNativeTarget;
			buildConfigurationList = F4DEEA5824926C82002F5A2A /* Build configuration list for PBXNativeTarget "TipCalculatorUITests" */;
			buildPhases = (
				F4DEEA4524926C82002F5A2A /* Sources */,
				F4DEEA4624926C82002F5A2A /* Frameworks */,
				F4DEEA4724926C82002F5A2A /* Resources */,
			);
			buildRules = (
			);
			dependencies = (
				F4DEEA4B24926C82002F5A2A /* PBXTargetDependency */,
			);
			name = TipCalculatorUITests;
			productName = TipCalculatorUITests;
			productReference = F4DEEA4924926C82002F5A2A /* TipCalculatorUITests.xctest */;
			productType = "com.apple.product-type.bundle.ui-testing";
		};
/* End PBXNativeTarget section */

/* Begin PBXProject section */
		F4DEEA2024926C7E002F5A2A /* Project object */ = {
			isa = PBXProject;
			attributes = {
				LastSwiftUpdateCheck = 1150;
				LastUpgradeCheck = 1150;
				ORGANIZATIONNAME = "Vidisha Nevatia";
				TargetAttributes = {
					F4DEEA2724926C7E002F5A2A = {
						CreatedOnToolsVersion = 11.5;
					};
					F4DEEA3D24926C82002F5A2A = {
						CreatedOnToolsVersion = 11.5;
						TestTargetID = F4DEEA2724926C7E002F5A2A;
					};
					F4DEEA4824926C82002F5A2A = {
						CreatedOnToolsVersion = 11.5;
						TestTargetID = F4DEEA2724926C7E002F5A2A;
					};
				};
			};
			buildConfigurationList = F4DEEA2324926C7E002F5A2A /* Build configuration list for PBXProject "TipCalculator" */;
			compatibilityVersion = "Xcode 9.3";
			developmentRegion = en;
			hasScannedForEncodings = 0;
			knownRegions = (
				en,
				Base,
			);
			mainGroup = F4DEEA1F24926C7E002F5A2A;
			productRefGroup = F4DEEA2924926C7E002F5A2A /* Products */;
			projectDirPath = "";
			projectRoot = "";
			targets = (
				F4DEEA2724926C7E002F5A2A /* TipCalculator */,
				F4DEEA3D24926C82002F5A2A /* TipCalculatorTests */,
				F4DEEA4824926C82002F5A2A /* TipCalculatorUITests */,
			);
		};
/* End PBXProject section */

/* Begin PBXResourcesBuildPhase section */
		F4DEEA2624926C7E002F5A2A /* Resources */ = {
			isa = PBXResourcesBuildPhase;
			buildActionMask = 2147483647;
			files = (
				F4DEEA3824926C81002F5A2A /* LaunchScreen.storyboard in Resources */,
				F4DEEA3524926C81002F5A2A /* Assets.xcassets in Resources */,
				F4DEEA3324926C7E002F5A2A /* Main.storyboard in Resources */,
			);
			runOnlyForDeploymentPostprocessing = 0;
		};
		F4DEEA3C24926C82002F5A2A /* Resources */ = {
			isa = PBXResourcesBuildPhase;
			buildActionMask = 2147483647;
			files = (
			);
			runOnlyForDeploymentPostprocessing = 0;
		};
		F4DEEA4724926C82002F5A2A /* Resources */ = {
			isa = PBXResourcesBuildPhase;
			buildActionMask = 2147483647;
			files = (
			);
			runOnlyForDeploymentPostprocessing = 0;
		};
/* End PBXResourcesBuildPhase section */

/* Begin PBXSourcesBuildPhase section */
		F4DEEA2424926C7E002F5A2A /* Sources */ = {
			isa = PBXSourcesBuildPhase;
			buildActionMask = 2147483647;
			files = (
				F494CC902493D237004FF3E7 /* SettingsTableViewController.swift in Sources */,
				F4DEEA2C24926C7E002F5A2A /* AppDelegate.swift in Sources */,
				F4DEEA2E24926C7E002F5A2A /* SceneDelegate.swift in Sources */,
				F494CC92249516EC004FF3E7 /* UITextField+Extensions.swift in Sources */,
				F4DEEA5E24936354002F5A2A /* TipTableViewController.swift in Sources */,
			);
			runOnlyForDeploymentPostprocessing = 0;
		};
		F4DEEA3A24926C82002F5A2A /* Sources */ = {
			isa = PBXSourcesBuildPhase;
			buildActionMask = 2147483647;
			files = (
				F4DEEA4324926C82002F5A2A /* TipCalculatorTests.swift in Sources */,
			);
			runOnlyForDeploymentPostprocessing = 0;
		};
		F4DEEA4524926C82002F5A2A /* Sources */ = {
			isa = PBXSourcesBuildPhase;
			buildActionMask = 2147483647;
			files = (
				F4DEEA4E24926C82002F5A2A /* TipCalculatorUITests.swift in Sources */,
			);
			runOnlyForDeploymentPostprocessing = 0;
		};
/* End PBXSourcesBuildPhase section */

/* Begin PBXTargetDependency section */
		F4DEEA4024926C82002F5A2A /* PBXTargetDependency */ = {
			isa = PBXTargetDependency;
			target = F4DEEA2724926C7E002F5A2A /* TipCalculator */;
			targetProxy = F4DEEA3F24926C82002F5A2A /* PBXContainerItemProxy */;
		};
		F4DEEA4B24926C82002F5A2A /* PBXTargetDependency */ = {
			isa = PBXTargetDependency;
			target = F4DEEA2724926C7E002F5A2A /* TipCalculator */;
			targetProxy = F4DEEA4A24926C82002F5A2A /* PBXContainerItemProxy */;
		};
/* End PBXTargetDependency section */

/* Begin PBXVariantGroup section */
		F4DEEA3124926C7E002F5A2A /* Main.storyboard */ = {
			isa = PBXVariantGroup;
			children = (
				F4DEEA3224926C7E002F5A2A /* Base */,
			);
			name = Main.storyboard;
			sourceTree = "<group>";
		};
		F4DEEA3624926C81002F5A2A /* LaunchScreen.storyboard */ = {
			isa = PBXVariantGroup;
			children = (
				F4DEEA3724926C81002F5A2A /* Base */,
			);
			name = LaunchScreen.storyboard;
			sourceTree = "<group>";
		};
/* End PBXVariantGroup section */

/* Begin XCBuildConfiguration section */
		F4DEEA5024926C82002F5A2A /* Debug */ = {
			isa = XCBuildConfiguration;
			buildSettings = {
				ALWAYS_SEARCH_USER_PATHS = NO;
				CLANG_ANALYZER_NONNULL = YES;
				CLANG_ANALYZER_NUMBER_OBJECT_CONVERSION = YES_AGGRESSIVE;
				CLANG_CXX_LANGUAGE_STANDARD = "gnu++14";
				CLANG_CXX_LIBRARY = "libc++";
				CLANG_ENABLE_MODULES = YES;
				CLANG_ENABLE_OBJC_ARC = YES;
				CLANG_ENABLE_OBJC_WEAK = YES;
				CLANG_WARN_BLOCK_CAPTURE_AUTORELEASING = YES;
				CLANG_WARN_BOOL_CONVERSION = YES;
				CLANG_WARN_COMMA = YES;
				CLANG_WARN_CONSTANT_CONVERSION = YES;
				CLANG_WARN_DEPRECATED_OBJC_IMPLEMENTATIONS = YES;
				CLANG_WARN_DIRECT_OBJC_ISA_USAGE = YES_ERROR;
				CLANG_WARN_DOCUMENTATION_COMMENTS = YES;
				CLANG_WARN_EMPTY_BODY = YES;
				CLANG_WARN_ENUM_CONVERSION = YES;
				CLANG_WARN_INFINITE_RECURSION = YES;
				CLANG_WARN_INT_CONVERSION = YES;
				CLANG_WARN_NON_LITERAL_NULL_CONVERSION = YES;
				CLANG_WARN_OBJC_IMPLICIT_RETAIN_SELF = YES;
				CLANG_WARN_OBJC_LITERAL_CONVERSION = YES;
				CLANG_WARN_OBJC_ROOT_CLASS = YES_ERROR;
				CLANG_WARN_RANGE_LOOP_ANALYSIS = YES;
				CLANG_WARN_STRICT_PROTOTYPES = YES;
				CLANG_WARN_SUSPICIOUS_MOVE = YES;
				CLANG_WARN_UNGUARDED_AVAILABILITY = YES_AGGRESSIVE;
				CLANG_WARN_UNREACHABLE_CODE = YES;
				CLANG_WARN__DUPLICATE_METHOD_MATCH = YES;
				COPY_PHASE_STRIP = NO;
				DEBUG_INFORMATION_FORMAT = dwarf;
				ENABLE_STRICT_OBJC_MSGSEND = YES;
				ENABLE_TESTABILITY = YES;
				GCC_C_LANGUAGE_STANDARD = gnu11;
				GCC_DYNAMIC_NO_PIC = NO;
				GCC_NO_COMMON_BLOCKS = YES;
				GCC_OPTIMIZATION_LEVEL = 0;
				GCC_PREPROCESSOR_DEFINITIONS = (
					"DEBUG=1",
					"$(inherited)",
				);
				GCC_WARN_64_TO_32_BIT_CONVERSION = YES;
				GCC_WARN_ABOUT_RETURN_TYPE = YES_ERROR;
				GCC_WARN_UNDECLARED_SELECTOR = YES;
				GCC_WARN_UNINITIALIZED_AUTOS = YES_AGGRESSIVE;
				GCC_WARN_UNUSED_FUNCTION = YES;
				GCC_WARN_UNUSED_VARIABLE = YES;
				IPHONEOS_DEPLOYMENT_TARGET = 13.5;
				MTL_ENABLE_DEBUG_INFO = INCLUDE_SOURCE;
				MTL_FAST_MATH = YES;
				ONLY_ACTIVE_ARCH = YES;
				SDKROOT = iphoneos;
				SWIFT_ACTIVE_COMPILATION_CONDITIONS = DEBUG;
				SWIFT_OPTIMIZATION_LEVEL = "-Onone";
			};
			name = Debug;
		};
		F4DEEA5124926C82002F5A2A /* Release */ = {
			isa = XCBuildConfiguration;
			buildSettings = {
				ALWAYS_SEARCH_USER_PATHS = NO;
				CLANG_ANALYZER_NONNULL = YES;
				CLANG_ANALYZER_NUMBER_OBJECT_CONVERSION = YES_AGGRESSIVE;
				CLANG_CXX_LANGUAGE_STANDARD = "gnu++14";
				CLANG_CXX_LIBRARY = "libc++";
				CLANG_ENABLE_MODULES = YES;
				CLANG_ENABLE_OBJC_ARC = YES;
				CLANG_ENABLE_OBJC_WEAK = YES;
				CLANG_WARN_BLOCK_CAPTURE_AUTORELEASING = YES;
				CLANG_WARN_BOOL_CONVERSION = YES;
				CLANG_WARN_COMMA = YES;
				CLANG_WARN_CONSTANT_CONVERSION = YES;
				CLANG_WARN_DEPRECATED_OBJC_IMPLEMENTATIONS = YES;
				CLANG_WARN_DIRECT_OBJC_ISA_USAGE = YES_ERROR;
				CLANG_WARN_DOCUMENTATION_COMMENTS = YES;
				CLANG_WARN_EMPTY_BODY = YES;
				CLANG_WARN_ENUM_CONVERSION = YES;
				CLANG_WARN_INFINITE_RECURSION = YES;
				CLANG_WARN_INT_CONVERSION = YES;
				CLANG_WARN_NON_LITERAL_NULL_CONVERSION = YES;
				CLANG_WARN_OBJC_IMPLICIT_RETAIN_SELF = YES;
				CLANG_WARN_OBJC_LITERAL_CONVERSION = YES;
				CLANG_WARN_OBJC_ROOT_CLASS = YES_ERROR;
				CLANG_WARN_RANGE_LOOP_ANALYSIS = YES;
				CLANG_WARN_STRICT_PROTOTYPES = YES;
				CLANG_WARN_SUSPICIOUS_MOVE = YES;
				CLANG_WARN_UNGUARDED_AVAILABILITY = YES_AGGRESSIVE;
				CLANG_WARN_UNREACHABLE_CODE = YES;
				CLANG_WARN__DUPLICATE_METHOD_MATCH = YES;
				COPY_PHASE_STRIP = NO;
				DEBUG_INFORMATION_FORMAT = "dwarf-with-dsym";
				ENABLE_NS_ASSERTIONS = NO;
				ENABLE_STRICT_OBJC_MSGSEND = YES;
				GCC_C_LANGUAGE_STANDARD = gnu11;
				GCC_NO_COMMON_BLOCKS = YES;
				GCC_WARN_64_TO_32_BIT_CONVERSION = YES;
				GCC_WARN_ABOUT_RETURN_TYPE = YES_ERROR;
				GCC_WARN_UNDECLARED_SELECTOR = YES;
				GCC_WARN_UNINITIALIZED_AUTOS = YES_AGGRESSIVE;
				GCC_WARN_UNUSED_FUNCTION = YES;
				GCC_WARN_UNUSED_VARIABLE = YES;
				IPHONEOS_DEPLOYMENT_TARGET = 13.5;
				MTL_ENABLE_DEBUG_INFO = NO;
				MTL_FAST_MATH = YES;
				SDKROOT = iphoneos;
				SWIFT_COMPILATION_MODE = wholemodule;
				SWIFT_OPTIMIZATION_LEVEL = "-O";
				VALIDATE_PRODUCT = YES;
			};
			name = Release;
		};
		F4DEEA5324926C82002F5A2A /* Debug */ = {
			isa = XCBuildConfiguration;
			buildSettings = {
				ASSETCATALOG_COMPILER_APPICON_NAME = AppIcon;
				CODE_SIGN_STYLE = Automatic;
				DEVELOPMENT_TEAM = 829RQCZ275;
				INFOPLIST_FILE = TipCalculator/Info.plist;
				LD_RUNPATH_SEARCH_PATHS = (
					"$(inherited)",
					"@executable_path/Frameworks",
				);
				PRODUCT_BUNDLE_IDENTIFIER = com.vidishanevatia.TipCalculator;
				PRODUCT_NAME = "Tip It $ Split It";
				SWIFT_VERSION = 5.0;
				TARGETED_DEVICE_FAMILY = "1,2";
			};
			name = Debug;
		};
		F4DEEA5424926C82002F5A2A /* Release */ = {
			isa = XCBuildConfiguration;
			buildSettings = {
				ASSETCATALOG_COMPILER_APPICON_NAME = AppIcon;
				CODE_SIGN_STYLE = Automatic;
				DEVELOPMENT_TEAM = 829RQCZ275;
				INFOPLIST_FILE = TipCalculator/Info.plist;
				LD_RUNPATH_SEARCH_PATHS = (
					"$(inherited)",
					"@executable_path/Frameworks",
				);
				PRODUCT_BUNDLE_IDENTIFIER = com.vidishanevatia.TipCalculator;
				PRODUCT_NAME = "Tip It $ Split It";
				SWIFT_VERSION = 5.0;
				TARGETED_DEVICE_FAMILY = "1,2";
			};
			name = Release;
		};
		F4DEEA5624926C82002F5A2A /* Debug */ = {
			isa = XCBuildConfiguration;
			buildSettings = {
				ALWAYS_EMBED_SWIFT_STANDARD_LIBRARIES = YES;
				BUNDLE_LOADER = "$(TEST_HOST)";
				CODE_SIGN_STYLE = Automatic;
				DEVELOPMENT_TEAM = 829RQCZ275;
				INFOPLIST_FILE = TipCalculatorTests/Info.plist;
				IPHONEOS_DEPLOYMENT_TARGET = 13.5;
				LD_RUNPATH_SEARCH_PATHS = (
					"$(inherited)",
					"@executable_path/Frameworks",
					"@loader_path/Frameworks",
				);
				PRODUCT_BUNDLE_IDENTIFIER = com.vidishanevatia.TipCalculatorTests;
				PRODUCT_NAME = "$(TARGET_NAME)";
				SWIFT_VERSION = 5.0;
				TARGETED_DEVICE_FAMILY = "1,2";
				TEST_HOST = "$(BUILT_PRODUCTS_DIR)/TipCalculator.app/TipCalculator";
			};
			name = Debug;
		};
		F4DEEA5724926C82002F5A2A /* Release */ = {
			isa = XCBuildConfiguration;
			buildSettings = {
				ALWAYS_EMBED_SWIFT_STANDARD_LIBRARIES = YES;
				BUNDLE_LOADER = "$(TEST_HOST)";
				CODE_SIGN_STYLE = Automatic;
				DEVELOPMENT_TEAM = 829RQCZ275;
				INFOPLIST_FILE = TipCalculatorTests/Info.plist;
				IPHONEOS_DEPLOYMENT_TARGET = 13.5;
				LD_RUNPATH_SEARCH_PATHS = (
					"$(inherited)",
					"@executable_path/Frameworks",
					"@loader_path/Frameworks",
				);
				PRODUCT_BUNDLE_IDENTIFIER = com.vidishanevatia.TipCalculatorTests;
				PRODUCT_NAME = "$(TARGET_NAME)";
				SWIFT_VERSION = 5.0;
				TARGETED_DEVICE_FAMILY = "1,2";
				TEST_HOST = "$(BUILT_PRODUCTS_DIR)/TipCalculator.app/TipCalculator";
			};
			name = Release;
		};
		F4DEEA5924926C82002F5A2A /* Debug */ = {
			isa = XCBuildConfiguration;
			buildSettings = {
				ALWAYS_EMBED_SWIFT_STANDARD_LIBRARIES = YES;
				CODE_SIGN_STYLE = Automatic;
				DEVELOPMENT_TEAM = 829RQCZ275;
				INFOPLIST_FILE = TipCalculatorUITests/Info.plist;
				LD_RUNPATH_SEARCH_PATHS = (
					"$(inherited)",
					"@executable_path/Frameworks",
					"@loader_path/Frameworks",
				);
				PRODUCT_BUNDLE_IDENTIFIER = com.vidishanevatia.TipCalculatorUITests;
				PRODUCT_NAME = "$(TARGET_NAME)";
				SWIFT_VERSION = 5.0;
				TARGETED_DEVICE_FAMILY = "1,2";
				TEST_TARGET_NAME = TipCalculator;
			};
			name = Debug;
		};
		F4DEEA5A24926C82002F5A2A /* Release */ = {
			isa = XCBuildConfiguration;
			buildSettings = {
				ALWAYS_EMBED_SWIFT_STANDARD_LIBRARIES = YES;
				CODE_SIGN_STYLE = Automatic;
				DEVELOPMENT_TEAM = 829RQCZ275;
				INFOPLIST_FILE = TipCalculatorUITests/Info.plist;
				LD_RUNPATH_SEARCH_PATHS = (
					"$(inherited)",
					"@executable_path/Frameworks",
					"@loader_path/Frameworks",
				);
				PRODUCT_BUNDLE_IDENTIFIER = com.vidishanevatia.TipCalculatorUITests;
				PRODUCT_NAME = "$(TARGET_NAME)";
				SWIFT_VERSION = 5.0;
				TARGETED_DEVICE_FAMILY = "1,2";
				TEST_TARGET_NAME = TipCalculator;
			};
			name = Release;
		};
/* End XCBuildConfiguration section */

/* Begin XCConfigurationList section */
		F4DEEA2324926C7E002F5A2A /* Build configuration list for PBXProject "TipCalculator" */ = {
			isa = XCConfigurationList;
			buildConfigurations = (
				F4DEEA5024926C82002F5A2A /* Debug */,
				F4DEEA5124926C82002F5A2A /* Release */,
			);
			defaultConfigurationIsVisible = 0;
			defaultConfigurationName = Release;
		};
		F4DEEA5224926C82002F5A2A /* Build configuration list for PBXNativeTarget "TipCalculator" */ = {
			isa = XCConfigurationList;
			buildConfigurations = (
				F4DEEA5324926C82002F5A2A /* Debug */,
				F4DEEA5424926C82002F5A2A /* Release */,
			);
			defaultConfigurationIsVisible = 0;
			defaultConfigurationName = Release;
		};
		F4DEEA5524926C82002F5A2A /* Build configuration list for PBXNativeTarget "TipCalculatorTests" */ = {
			isa = XCConfigurationList;
			buildConfigurations = (
				F4DEEA5624926C82002F5A2A /* Debug */,
				F4DEEA5724926C82002F5A2A /* Release */,
			);
			defaultConfigurationIsVisible = 0;
			defaultConfigurationName = Release;
		};
		F4DEEA5824926C82002F5A2A /* Build configuration list for PBXNativeTarget "TipCalculatorUITests" */ = {
			isa = XCConfigurationList;
			buildConfigurations = (
				F4DEEA5924926C82002F5A2A /* Debug */,
				F4DEEA5A24926C82002F5A2A /* Release */,
			);
			defaultConfigurationIsVisible = 0;
			defaultConfigurationName = Release;
		};
/* End XCConfigurationList section */
	};
	rootObject = F4DEEA2024926C7E002F5A2A /* Project object */;
}
